
Microsoft Visual Studio Solution File, Format Version 12.00
# Visual Studio Version 17
VisualStudioVersion = 17.10.34928.147
MinimumVisualStudioVersion = 10.0.40219.1
Project("{FAE04EC0-301F-11D3-BF4B-00C04F79EFBC}") = "App01", "App01\App01.csproj", "{CCF69E74-041C-46C5-B16F-603BFA5772BA}"
EndProject
Global
	GlobalSection(SolutionConfigurationPlatforms) = preSolution
		Debug|Any CPU = Debug|Any CPU
		Release|Any CPU = Release|Any CPU
	EndGlobalSection
	GlobalSection(ProjectConfigurationPlatforms) = postSolution
		{CCF69E74-041C-46C5-B16F-603BFA5772BA}.Debug|Any CPU.ActiveCfg = Debug|Any CPU
		{CCF69E74-041C-46C5-B16F-603BFA5772BA}.Debug|Any CPU.Build.0 = Debug|Any CPU
		{CCF69E74-041C-46C5-B16F-603BFA5772BA}.Release|Any CPU.ActiveCfg = Release|Any CPU
		{CCF69E74-041C-46C5-B16F-603BFA5772BA}.Release|Any CPU.Build.0 = Release|Any CPU
	EndGlobalSection
	GlobalSection(SolutionProperties) = preSolution
		HideSolutionNode = FALSE
	EndGlobalSection
	GlobalSection(ExtensibilityGlobals) = postSolution
		SolutionGuid = {4A84CE90-B9CA-43CE-94E0-927C50604552}
	EndGlobalSection
EndGlobal
